
Microsoft Visual Studio Solution File, Format Version 12.00
# Visual Studio 15
VisualStudioVersion = 15.0.26124.0
MinimumVisualStudioVersion = 15.0.26124.0
Project("{FAE04EC0-301F-11D3-BF4B-00C04F79EFBC}") = "Domain", "Domain\Domain.csproj", "{6BC8338D-7D82-4687-B18A-D0C5351AC806}"
EndProject
Project("{FAE04EC0-301F-11D3-BF4B-00C04F79EFBC}") = "Application", "Application\Application.csproj", "{91FD90A4-C77D-4C00-8534-82320D3EF957}"
EndProject
Project("{FAE04EC0-301F-11D3-BF4B-00C04F79EFBC}") = "Persistence", "Persistence\Persistence.csproj", "{74A8EDCB-AC69-4770-ADA0-A23530E8E73D}"
EndProject
Project("{FAE04EC0-301F-11D3-BF4B-00C04F79EFBC}") = "API", "API\API.csproj", "{91B07449-96B9-4C40-B3F2-DF849022CE5E}"
EndProject
Global
	GlobalSection(SolutionConfigurationPlatforms) = preSolution
		Debug|Any CPU = Debug|Any CPU
		Debug|x64 = Debug|x64
		Debug|x86 = Debug|x86
		Release|Any CPU = Release|Any CPU
		Release|x64 = Release|x64
		Release|x86 = Release|x86
	EndGlobalSection
	GlobalSection(SolutionProperties) = preSolution
		HideSolutionNode = FALSE
	EndGlobalSection
	GlobalSection(ProjectConfigurationPlatforms) = postSolution
		{6BC8338D-7D82-4687-B18A-D0C5351AC806}.Debug|Any CPU.ActiveCfg = Debug|Any CPU
		{6BC8338D-7D82-4687-B18A-D0C5351AC806}.Debug|Any CPU.Build.0 = Debug|Any CPU
		{6BC8338D-7D82-4687-B18A-D0C5351AC806}.Debug|x64.ActiveCfg = Debug|Any CPU
		{6BC8338D-7D82-4687-B18A-D0C5351AC806}.Debug|x64.Build.0 = Debug|Any CPU
		{6BC8338D-7D82-4687-B18A-D0C5351AC806}.Debug|x86.ActiveCfg = Debug|Any CPU
		{6BC8338D-7D82-4687-B18A-D0C5351AC806}.Debug|x86.Build.0 = Debug|Any CPU
		{6BC8338D-7D82-4687-B18A-D0C5351AC806}.Release|Any CPU.ActiveCfg = Release|Any CPU
		{6BC8338D-7D82-4687-B18A-D0C5351AC806}.Release|Any CPU.Build.0 = Release|Any CPU
		{6BC8338D-7D82-4687-B18A-D0C5351AC806}.Release|x64.ActiveCfg = Release|Any CPU
		{6BC8338D-7D82-4687-B18A-D0C5351AC806}.Release|x64.Build.0 = Release|Any CPU
		{6BC8338D-7D82-4687-B18A-D0C5351AC806}.Release|x86.ActiveCfg = Release|Any CPU
		{6BC8338D-7D82-4687-B18A-D0C5351AC806}.Release|x86.Build.0 = Release|Any CPU
		{91FD90A4-C77D-4C00-8534-82320D3EF957}.Debug|Any CPU.ActiveCfg = Debug|Any CPU
		{91FD90A4-C77D-4C00-8534-82320D3EF957}.Debug|Any CPU.Build.0 = Debug|Any CPU
		{91FD90A4-C77D-4C00-8534-82320D3EF957}.Debug|x64.ActiveCfg = Debug|Any CPU
		{91FD90A4-C77D-4C00-8534-82320D3EF957}.Debug|x64.Build.0 = Debug|Any CPU
		{91FD90A4-C77D-4C00-8534-82320D3EF957}.Debug|x86.ActiveCfg = Debug|Any CPU
		{91FD90A4-C77D-4C00-8534-82320D3EF957}.Debug|x86.Build.0 = Debug|Any CPU
		{91FD90A4-C77D-4C00-8534-82320D3EF957}.Release|Any CPU.ActiveCfg = Release|Any CPU
		{91FD90A4-C77D-4C00-8534-82320D3EF957}.Release|Any CPU.Build.0 = Release|Any CPU
		{91FD90A4-C77D-4C00-8534-82320D3EF957}.Release|x64.ActiveCfg = Release|Any CPU
		{91FD90A4-C77D-4C00-8534-82320D3EF957}.Release|x64.Build.0 = Release|Any CPU
		{91FD90A4-C77D-4C00-8534-82320D3EF957}.Release|x86.ActiveCfg = Release|Any CPU
		{91FD90A4-C77D-4C00-8534-82320D3EF957}.Release|x86.Build.0 = Release|Any CPU
		{74A8EDCB-AC69-4770-ADA0-A23530E8E73D}.Debug|Any CPU.ActiveCfg = Debug|Any CPU
		{74A8EDCB-AC69-4770-ADA0-A23530E8E73D}.Debug|Any CPU.Build.0 = Debug|Any CPU
		{74A8EDCB-AC69-4770-ADA0-A23530E8E73D}.Debug|x64.ActiveCfg = Debug|Any CPU
		{74A8EDCB-AC69-4770-ADA0-A23530E8E73D}.Debug|x64.Build.0 = Debug|Any CPU
		{74A8EDCB-AC69-4770-ADA0-A23530E8E73D}.Debug|x86.ActiveCfg = Debug|Any CPU
		{74A8EDCB-AC69-4770-ADA0-A23530E8E73D}.Debug|x86.Build.0 = Debug|Any CPU
		{74A8EDCB-AC69-4770-ADA0-A23530E8E73D}.Release|Any CPU.ActiveCfg = Release|Any CPU
		{74A8EDCB-AC69-4770-ADA0-A23530E8E73D}.Release|Any CPU.Build.0 = Release|Any CPU
		{74A8EDCB-AC69-4770-ADA0-A23530E8E73D}.Release|x64.ActiveCfg = Release|Any CPU
		{74A8EDCB-AC69-4770-ADA0-A23530E8E73D}.Release|x64.Build.0 = Release|Any CPU
		{74A8EDCB-AC69-4770-ADA0-A23530E8E73D}.Release|x86.ActiveCfg = Release|Any CPU
		{74A8EDCB-AC69-4770-ADA0-A23530E8E73D}.Release|x86.Build.0 = Release|Any CPU
		{91B07449-96B9-4C40-B3F2-DF849022CE5E}.Debug|Any CPU.ActiveCfg = Debug|Any CPU
		{91B07449-96B9-4C40-B3F2-DF849022CE5E}.Debug|Any CPU.Build.0 = Debug|Any CPU
		{91B07449-96B9-4C40-B3F2-DF849022CE5E}.Debug|x64.ActiveCfg = Debug|Any CPU
		{91B07449-96B9-4C40-B3F2-DF849022CE5E}.Debug|x64.Build.0 = Debug|Any CPU
		{91B07449-96B9-4C40-B3F2-DF849022CE5E}.Debug|x86.ActiveCfg = Debug|Any CPU
		{91B07449-96B9-4C40-B3F2-DF849022CE5E}.Debug|x86.Build.0 = Debug|Any CPU
		{91B07449-96B9-4C40-B3F2-DF849022CE5E}.Release|Any CPU.ActiveCfg = Release|Any CPU
		{91B07449-96B9-4C40-B3F2-DF849022CE5E}.Release|Any CPU.Build.0 = Release|Any CPU
		{91B07449-96B9-4C40-B3F2-DF849022CE5E}.Release|x64.ActiveCfg = Release|Any CPU
		{91B07449-96B9-4C40-B3F2-DF849022CE5E}.Release|x64.Build.0 = Release|Any CPU
		{91B07449-96B9-4C40-B3F2-DF849022CE5E}.Release|x86.ActiveCfg = Release|Any CPU
		{91B07449-96B9-4C40-B3F2-DF849022CE5E}.Release|x86.Build.0 = Release|Any CPU
	EndGlobalSection
EndGlobal
